
Microsoft Visual Studio Solution File, Format Version 12.00
# Visual Studio 2012
Project("{FAE04EC0-301F-11D3-BF4B-00C04F79EFBC}") = "SineDisplayGraph", "SineDisplayGraph\SineDisplayGraph.csproj", "{DDE0CDF5-C8DE-4887-8E7A-AD7BF23BEE3F}"
EndProject
Project("{FAE04EC0-301F-11D3-BF4B-00C04F79EFBC}") = "RelayControlLibrary", "RelayControlLibrary\RelayControlLibrary.csproj", "{B0E5F73E-DC0B-4BE0-8BBF-1903864D67DF}"
EndProject
Project("{FAE04EC0-301F-11D3-BF4B-00C04F79EFBC}") = "RelayControl", "RelayControl\RelayControl.csproj", "{D1B42759-31A0-42B0-B4F4-3F764632E326}"
	ProjectSection(ProjectDependencies) = postProject
		{8C1FD785-7558-4ED5-A937-4A63AF83F53C} = {8C1FD785-7558-4ED5-A937-4A63AF83F53C}
	EndProjectSection
EndProject
Project("{FAE04EC0-301F-11D3-BF4B-00C04F79EFBC}") = "Exocortex.DSP.v1", "..\Exocortex\src\Exocortex.DSP.v1.csproj", "{1904A41B-D1B8-40E5-ADBB-728DDCF7C816}"
EndProject
Project("{FAE04EC0-301F-11D3-BF4B-00C04F79EFBC}") = "MyFileIO", "..\MyFileIO\MyFileIO.csproj", "{8C1FD785-7558-4ED5-A937-4A63AF83F53C}"
EndProject
Project("{FAE04EC0-301F-11D3-BF4B-00C04F79EFBC}") = "SavedSettings", "SavedSettings\SavedSettings.csproj", "{E861DC92-010B-456B-85DA-DF917F6F05D7}"
	ProjectSection(ProjectDependencies) = postProject
		{B0E5F73E-DC0B-4BE0-8BBF-1903864D67DF} = {B0E5F73E-DC0B-4BE0-8BBF-1903864D67DF}
	EndProjectSection
EndProject
Project("{FAE04EC0-301F-11D3-BF4B-00C04F79EFBC}") = "RelayDNPSecurity", "RelayDNPSecurity\RelayDNPSecurity.csproj", "{E69D17C3-3869-4390-9415-ECB7DB9CF3C0}"
EndProject
Global
	GlobalSection(SolutionConfigurationPlatforms) = preSolution
		AddOn|Any CPU = AddOn|Any CPU
		ConEDRelease|Any CPU = ConEDRelease|Any CPU
		Debug|Any CPU = Debug|Any CPU
		NoSend|Any CPU = NoSend|Any CPU
		Release|Any CPU = Release|Any CPU
		ReleaseDigitalGridDNP|Any CPU = ReleaseDigitalGridDNP|Any CPU
		ReleaseGE|Any CPU = ReleaseGE|Any CPU
		ReleaseMemphis|Any CPU = ReleaseMemphis|Any CPU
		SafeServiceTest|Any CPU = SafeServiceTest|Any CPU
		SeattleTest|Any CPU = SeattleTest|Any CPU
		Test|Any CPU = Test|Any CPU
		TransmitterEnable|Any CPU = TransmitterEnable|Any CPU
		Waterbug Tester|Any CPU = Waterbug Tester|Any CPU
		WaterbugTest|Any CPU = WaterbugTest|Any CPU
		WaterbugTester|Any CPU = WaterbugTester|Any CPU
	EndGlobalSection
	GlobalSection(ProjectConfigurationPlatforms) = postSolution
		{DDE0CDF5-C8DE-4887-8E7A-AD7BF23BEE3F}.AddOn|Any CPU.ActiveCfg = SeattleTest2|Any CPU
		{DDE0CDF5-C8DE-4887-8E7A-AD7BF23BEE3F}.AddOn|Any CPU.Build.0 = SeattleTest2|Any CPU
		{DDE0CDF5-C8DE-4887-8E7A-AD7BF23BEE3F}.ConEDRelease|Any CPU.ActiveCfg = ConEDRelease|Any CPU
		{DDE0CDF5-C8DE-4887-8E7A-AD7BF23BEE3F}.ConEDRelease|Any CPU.Build.0 = ConEDRelease|Any CPU
		{DDE0CDF5-C8DE-4887-8E7A-AD7BF23BEE3F}.Debug|Any CPU.ActiveCfg = Debug|Any CPU
		{DDE0CDF5-C8DE-4887-8E7A-AD7BF23BEE3F}.Debug|Any CPU.Build.0 = Debug|Any CPU
		{DDE0CDF5-C8DE-4887-8E7A-AD7BF23BEE3F}.NoSend|Any CPU.ActiveCfg = NoSend|Any CPU
		{DDE0CDF5-C8DE-4887-8E7A-AD7BF23BEE3F}.NoSend|Any CPU.Build.0 = NoSend|Any CPU
		{DDE0CDF5-C8DE-4887-8E7A-AD7BF23BEE3F}.Release|Any CPU.ActiveCfg = Release|Any CPU
		{DDE0CDF5-C8DE-4887-8E7A-AD7BF23BEE3F}.Release|Any CPU.Build.0 = Release|Any CPU
		{DDE0CDF5-C8DE-4887-8E7A-AD7BF23BEE3F}.ReleaseDigitalGridDNP|Any CPU.ActiveCfg = ReleaseDigitalGridDNP|Any CPU
		{DDE0CDF5-C8DE-4887-8E7A-AD7BF23BEE3F}.ReleaseDigitalGridDNP|Any CPU.Build.0 = ReleaseDigitalGridDNP|Any CPU
		{DDE0CDF5-C8DE-4887-8E7A-AD7BF23BEE3F}.ReleaseGE|Any CPU.ActiveCfg = ReleaseGE|Any CPU
		{DDE0CDF5-C8DE-4887-8E7A-AD7BF23BEE3F}.ReleaseGE|Any CPU.Build.0 = ReleaseGE|Any CPU
		{DDE0CDF5-C8DE-4887-8E7A-AD7BF23BEE3F}.ReleaseMemphis|Any CPU.ActiveCfg = ReleaseMemphis|Any CPU
		{DDE0CDF5-C8DE-4887-8E7A-AD7BF23BEE3F}.ReleaseMemphis|Any CPU.Build.0 = ReleaseMemphis|Any CPU
		{DDE0CDF5-C8DE-4887-8E7A-AD7BF23BEE3F}.SafeServiceTest|Any CPU.ActiveCfg = Test|Any CPU
		{DDE0CDF5-C8DE-4887-8E7A-AD7BF23BEE3F}.SafeServiceTest|Any CPU.Build.0 = Test|Any CPU
		{DDE0CDF5-C8DE-4887-8E7A-AD7BF23BEE3F}.SeattleTest|Any CPU.ActiveCfg = SeattleTest|Any CPU
		{DDE0CDF5-C8DE-4887-8E7A-AD7BF23BEE3F}.SeattleTest|Any CPU.Build.0 = SeattleTest|Any CPU
		{DDE0CDF5-C8DE-4887-8E7A-AD7BF23BEE3F}.Test|Any CPU.ActiveCfg = Test|Any CPU
		{DDE0CDF5-C8DE-4887-8E7A-AD7BF23BEE3F}.Test|Any CPU.Build.0 = Test|Any CPU
		{DDE0CDF5-C8DE-4887-8E7A-AD7BF23BEE3F}.TransmitterEnable|Any CPU.ActiveCfg = Test|Any CPU
		{DDE0CDF5-C8DE-4887-8E7A-AD7BF23BEE3F}.TransmitterEnable|Any CPU.Build.0 = Test|Any CPU
		{DDE0CDF5-C8DE-4887-8E7A-AD7BF23BEE3F}.Waterbug Tester|Any CPU.ActiveCfg = WaterbugTest|Any CPU
		{DDE0CDF5-C8DE-4887-8E7A-AD7BF23BEE3F}.Waterbug Tester|Any CPU.Build.0 = WaterbugTest|Any CPU
		{DDE0CDF5-C8DE-4887-8E7A-AD7BF23BEE3F}.WaterbugTest|Any CPU.ActiveCfg = WaterbugTest|Any CPU
		{DDE0CDF5-C8DE-4887-8E7A-AD7BF23BEE3F}.WaterbugTest|Any CPU.Build.0 = WaterbugTest|Any CPU
		{DDE0CDF5-C8DE-4887-8E7A-AD7BF23BEE3F}.WaterbugTester|Any CPU.ActiveCfg = WaterbugTester|Any CPU
		{DDE0CDF5-C8DE-4887-8E7A-AD7BF23BEE3F}.WaterbugTester|Any CPU.Build.0 = WaterbugTester|Any CPU
		{B0E5F73E-DC0B-4BE0-8BBF-1903864D67DF}.AddOn|Any CPU.ActiveCfg = SeattleTest2|Any CPU
		{B0E5F73E-DC0B-4BE0-8BBF-1903864D67DF}.AddOn|Any CPU.Build.0 = SeattleTest2|Any CPU
		{B0E5F73E-DC0B-4BE0-8BBF-1903864D67DF}.ConEDRelease|Any CPU.ActiveCfg = ConEDRelease|Any CPU
		{B0E5F73E-DC0B-4BE0-8BBF-1903864D67DF}.ConEDRelease|Any CPU.Build.0 = ConEDRelease|Any CPU
		{B0E5F73E-DC0B-4BE0-8BBF-1903864D67DF}.Debug|Any CPU.ActiveCfg = Debug|Any CPU
		{B0E5F73E-DC0B-4BE0-8BBF-1903864D67DF}.Debug|Any CPU.Build.0 = Debug|Any CPU
		{B0E5F73E-DC0B-4BE0-8BBF-1903864D67DF}.NoSend|Any CPU.ActiveCfg = NoSend|Any CPU
		{B0E5F73E-DC0B-4BE0-8BBF-1903864D67DF}.NoSend|Any CPU.Build.0 = NoSend|Any CPU
		{B0E5F73E-DC0B-4BE0-8BBF-1903864D67DF}.Release|Any CPU.ActiveCfg = Release|Any CPU
		{B0E5F73E-DC0B-4BE0-8BBF-1903864D67DF}.Release|Any CPU.Build.0 = Release|Any CPU
		{B0E5F73E-DC0B-4BE0-8BBF-1903864D67DF}.ReleaseDigitalGridDNP|Any CPU.ActiveCfg = ReleaseDigitalGridDNP|Any CPU
		{B0E5F73E-DC0B-4BE0-8BBF-1903864D67DF}.ReleaseDigitalGridDNP|Any CPU.Build.0 = ReleaseDigitalGridDNP|Any CPU
		{B0E5F73E-DC0B-4BE0-8BBF-1903864D67DF}.ReleaseGE|Any CPU.ActiveCfg = ReleaseGE|Any CPU
		{B0E5F73E-DC0B-4BE0-8BBF-1903864D67DF}.ReleaseGE|Any CPU.Build.0 = ReleaseGE|Any CPU
		{B0E5F73E-DC0B-4BE0-8BBF-1903864D67DF}.ReleaseMemphis|Any CPU.ActiveCfg = ReleaseMemphis|Any CPU
		{B0E5F73E-DC0B-4BE0-8BBF-1903864D67DF}.ReleaseMemphis|Any CPU.Build.0 = ReleaseMemphis|Any CPU
		{B0E5F73E-DC0B-4BE0-8BBF-1903864D67DF}.SafeServiceTest|Any CPU.ActiveCfg = Test|Any CPU
		{B0E5F73E-DC0B-4BE0-8BBF-1903864D67DF}.SafeServiceTest|Any CPU.Build.0 = Test|Any CPU
		{B0E5F73E-DC0B-4BE0-8BBF-1903864D67DF}.SeattleTest|Any CPU.ActiveCfg = SeattleTest|Any CPU
		{B0E5F73E-DC0B-4BE0-8BBF-1903864D67DF}.SeattleTest|Any CPU.Build.0 = SeattleTest|Any CPU
		{B0E5F73E-DC0B-4BE0-8BBF-1903864D67DF}.Test|Any CPU.ActiveCfg = Test|Any CPU
		{B0E5F73E-DC0B-4BE0-8BBF-1903864D67DF}.Test|Any CPU.Build.0 = Test|Any CPU
		{B0E5F73E-DC0B-4BE0-8BBF-1903864D67DF}.TransmitterEnable|Any CPU.ActiveCfg = Test|Any CPU
		{B0E5F73E-DC0B-4BE0-8BBF-1903864D67DF}.TransmitterEnable|Any CPU.Build.0 = Test|Any CPU
		{B0E5F73E-DC0B-4BE0-8BBF-1903864D67DF}.Waterbug Tester|Any CPU.ActiveCfg = WaterbugTest|Any CPU
		{B0E5F73E-DC0B-4BE0-8BBF-1903864D67DF}.Waterbug Tester|Any CPU.Build.0 = WaterbugTest|Any CPU
		{B0E5F73E-DC0B-4BE0-8BBF-1903864D67DF}.WaterbugTest|Any CPU.ActiveCfg = WaterbugTest|Any CPU
		{B0E5F73E-DC0B-4BE0-8BBF-1903864D67DF}.WaterbugTest|Any CPU.Build.0 = WaterbugTest|Any CPU
		{B0E5F73E-DC0B-4BE0-8BBF-1903864D67DF}.WaterbugTester|Any CPU.ActiveCfg = WaterbugTester|Any CPU
		{B0E5F73E-DC0B-4BE0-8BBF-1903864D67DF}.WaterbugTester|Any CPU.Build.0 = WaterbugTester|Any CPU
		{D1B42759-31A0-42B0-B4F4-3F764632E326}.AddOn|Any CPU.ActiveCfg = WaterbugTest|Any CPU
		{D1B42759-31A0-42B0-B4F4-3F764632E326}.AddOn|Any CPU.Build.0 = WaterbugTest|Any CPU
		{D1B42759-31A0-42B0-B4F4-3F764632E326}.ConEDRelease|Any CPU.ActiveCfg = ConEDRelease|Any CPU
		{D1B42759-31A0-42B0-B4F4-3F764632E326}.ConEDRelease|Any CPU.Build.0 = ConEDRelease|Any CPU
		{D1B42759-31A0-42B0-B4F4-3F764632E326}.Debug|Any CPU.ActiveCfg = Debug|Any CPU
		{D1B42759-31A0-42B0-B4F4-3F764632E326}.Debug|Any CPU.Build.0 = Debug|Any CPU
		{D1B42759-31A0-42B0-B4F4-3F764632E326}.NoSend|Any CPU.ActiveCfg = NoSend|Any CPU
		{D1B42759-31A0-42B0-B4F4-3F764632E326}.NoSend|Any CPU.Build.0 = NoSend|Any CPU
		{D1B42759-31A0-42B0-B4F4-3F764632E326}.Release|Any CPU.ActiveCfg = Release|Any CPU
		{D1B42759-31A0-42B0-B4F4-3F764632E326}.Release|Any CPU.Build.0 = Release|Any CPU
		{D1B42759-31A0-42B0-B4F4-3F764632E326}.ReleaseDigitalGridDNP|Any CPU.ActiveCfg = ReleaseDigitalGridDNP|Any CPU
		{D1B42759-31A0-42B0-B4F4-3F764632E326}.ReleaseDigitalGridDNP|Any CPU.Build.0 = ReleaseDigitalGridDNP|Any CPU
		{D1B42759-31A0-42B0-B4F4-3F764632E326}.ReleaseGE|Any CPU.ActiveCfg = ReleaseGE|Any CPU
		{D1B42759-31A0-42B0-B4F4-3F764632E326}.ReleaseGE|Any CPU.Build.0 = ReleaseGE|Any CPU
		{D1B42759-31A0-42B0-B4F4-3F764632E326}.ReleaseMemphis|Any CPU.ActiveCfg = ReleaseMemphis|Any CPU
		{D1B42759-31A0-42B0-B4F4-3F764632E326}.ReleaseMemphis|Any CPU.Build.0 = ReleaseMemphis|Any CPU
		{D1B42759-31A0-42B0-B4F4-3F764632E326}.SafeServiceTest|Any CPU.ActiveCfg = Test|Any CPU
		{D1B42759-31A0-42B0-B4F4-3F764632E326}.SafeServiceTest|Any CPU.Build.0 = Test|Any CPU
		{D1B42759-31A0-42B0-B4F4-3F764632E326}.SeattleTest|Any CPU.ActiveCfg = Test|Any CPU
		{D1B42759-31A0-42B0-B4F4-3F764632E326}.SeattleTest|Any CPU.Build.0 = Test|Any CPU
		{D1B42759-31A0-42B0-B4F4-3F764632E326}.Test|Any CPU.ActiveCfg = Test|Any CPU
		{D1B42759-31A0-42B0-B4F4-3F764632E326}.Test|Any CPU.Build.0 = Test|Any CPU
		{D1B42759-31A0-42B0-B4F4-3F764632E326}.TransmitterEnable|Any CPU.ActiveCfg = Test|Any CPU
		{D1B42759-31A0-42B0-B4F4-3F764632E326}.TransmitterEnable|Any CPU.Build.0 = Test|Any CPU
		{D1B42759-31A0-42B0-B4F4-3F764632E326}.Waterbug Tester|Any CPU.ActiveCfg = WaterbugTest|Any CPU
		{D1B42759-31A0-42B0-B4F4-3F764632E326}.Waterbug Tester|Any CPU.Build.0 = WaterbugTest|Any CPU
		{D1B42759-31A0-42B0-B4F4-3F764632E326}.WaterbugTest|Any CPU.ActiveCfg = WaterbugTest|Any CPU
		{D1B42759-31A0-42B0-B4F4-3F764632E326}.WaterbugTest|Any CPU.Build.0 = WaterbugTest|Any CPU
		{D1B42759-31A0-42B0-B4F4-3F764632E326}.WaterbugTester|Any CPU.ActiveCfg = WaterbugTester|Any CPU
		{D1B42759-31A0-42B0-B4F4-3F764632E326}.WaterbugTester|Any CPU.Build.0 = WaterbugTester|Any CPU
		{1904A41B-D1B8-40E5-ADBB-728DDCF7C816}.AddOn|Any CPU.ActiveCfg = AddOn|Any CPU
		{1904A41B-D1B8-40E5-ADBB-728DDCF7C816}.AddOn|Any CPU.Build.0 = AddOn|Any CPU
		{1904A41B-D1B8-40E5-ADBB-728DDCF7C816}.ConEDRelease|Any CPU.ActiveCfg = ConEDRelease|Any CPU
		{1904A41B-D1B8-40E5-ADBB-728DDCF7C816}.ConEDRelease|Any CPU.Build.0 = ConEDRelease|Any CPU
		{1904A41B-D1B8-40E5-ADBB-728DDCF7C816}.Debug|Any CPU.ActiveCfg = Debug|Any CPU
		{1904A41B-D1B8-40E5-ADBB-728DDCF7C816}.Debug|Any CPU.Build.0 = Debug|Any CPU
		{1904A41B-D1B8-40E5-ADBB-728DDCF7C816}.NoSend|Any CPU.ActiveCfg = Release|Any CPU
		{1904A41B-D1B8-40E5-ADBB-728DDCF7C816}.NoSend|Any CPU.Build.0 = Release|Any CPU
		{1904A41B-D1B8-40E5-ADBB-728DDCF7C816}.Release|Any CPU.ActiveCfg = Release|Any CPU
		{1904A41B-D1B8-40E5-ADBB-728DDCF7C816}.Release|Any CPU.Build.0 = Release|Any CPU
		{1904A41B-D1B8-40E5-ADBB-728DDCF7C816}.ReleaseDigitalGridDNP|Any CPU.ActiveCfg = ReleaseDigitalGridDNP|Any CPU
		{1904A41B-D1B8-40E5-ADBB-728DDCF7C816}.ReleaseDigitalGridDNP|Any CPU.Build.0 = ReleaseDigitalGridDNP|Any CPU
		{1904A41B-D1B8-40E5-ADBB-728DDCF7C816}.ReleaseGE|Any CPU.ActiveCfg = ReleaseGE|Any CPU
		{1904A41B-D1B8-40E5-ADBB-728DDCF7C816}.ReleaseGE|Any CPU.Build.0 = ReleaseGE|Any CPU
		{1904A41B-D1B8-40E5-ADBB-728DDCF7C816}.ReleaseMemphis|Any CPU.ActiveCfg = ReleaseMemphis|Any CPU
		{1904A41B-D1B8-40E5-ADBB-728DDCF7C816}.ReleaseMemphis|Any CPU.Build.0 = ReleaseMemphis|Any CPU
		{1904A41B-D1B8-40E5-ADBB-728DDCF7C816}.SafeServiceTest|Any CPU.ActiveCfg = SafeServiceTest|Any CPU
		{1904A41B-D1B8-40E5-ADBB-728DDCF7C816}.SafeServiceTest|Any CPU.Build.0 = SafeServiceTest|Any CPU
		{1904A41B-D1B8-40E5-ADBB-728DDCF7C816}.SeattleTest|Any CPU.ActiveCfg = SeattleTest|Any CPU
		{1904A41B-D1B8-40E5-ADBB-728DDCF7C816}.SeattleTest|Any CPU.Build.0 = SeattleTest|Any CPU
		{1904A41B-D1B8-40E5-ADBB-728DDCF7C816}.Test|Any CPU.ActiveCfg = Test|Any CPU
		{1904A41B-D1B8-40E5-ADBB-728DDCF7C816}.Test|Any CPU.Build.0 = Test|Any CPU
		{1904A41B-D1B8-40E5-ADBB-728DDCF7C816}.TransmitterEnable|Any CPU.ActiveCfg = TransmitterEnable|Any CPU
		{1904A41B-D1B8-40E5-ADBB-728DDCF7C816}.TransmitterEnable|Any CPU.Build.0 = TransmitterEnable|Any CPU
		{1904A41B-D1B8-40E5-ADBB-728DDCF7C816}.Waterbug Tester|Any CPU.ActiveCfg = Waterbug Tester|Any CPU
		{1904A41B-D1B8-40E5-ADBB-728DDCF7C816}.Waterbug Tester|Any CPU.Build.0 = Waterbug Tester|Any CPU
		{1904A41B-D1B8-40E5-ADBB-728DDCF7C816}.WaterbugTest|Any CPU.ActiveCfg = WaterbugTest|Any CPU
		{1904A41B-D1B8-40E5-ADBB-728DDCF7C816}.WaterbugTest|Any CPU.Build.0 = WaterbugTest|Any CPU
		{1904A41B-D1B8-40E5-ADBB-728DDCF7C816}.WaterbugTester|Any CPU.ActiveCfg = WaterbugTester|Any CPU
		{1904A41B-D1B8-40E5-ADBB-728DDCF7C816}.WaterbugTester|Any CPU.Build.0 = WaterbugTester|Any CPU
		{8C1FD785-7558-4ED5-A937-4A63AF83F53C}.AddOn|Any CPU.ActiveCfg = AddOn|Any CPU
		{8C1FD785-7558-4ED5-A937-4A63AF83F53C}.AddOn|Any CPU.Build.0 = AddOn|Any CPU
		{8C1FD785-7558-4ED5-A937-4A63AF83F53C}.ConEDRelease|Any CPU.ActiveCfg = ConEDRelease|Any CPU
		{8C1FD785-7558-4ED5-A937-4A63AF83F53C}.ConEDRelease|Any CPU.Build.0 = ConEDRelease|Any CPU
		{8C1FD785-7558-4ED5-A937-4A63AF83F53C}.Debug|Any CPU.ActiveCfg = Debug|Any CPU
		{8C1FD785-7558-4ED5-A937-4A63AF83F53C}.Debug|Any CPU.Build.0 = Debug|Any CPU
		{8C1FD785-7558-4ED5-A937-4A63AF83F53C}.NoSend|Any CPU.ActiveCfg = NoSend|Any CPU
		{8C1FD785-7558-4ED5-A937-4A63AF83F53C}.NoSend|Any CPU.Build.0 = NoSend|Any CPU
		{8C1FD785-7558-4ED5-A937-4A63AF83F53C}.Release|Any CPU.ActiveCfg = Release|Any CPU
		{8C1FD785-7558-4ED5-A937-4A63AF83F53C}.Release|Any CPU.Build.0 = Release|Any CPU
		{8C1FD785-7558-4ED5-A937-4A63AF83F53C}.ReleaseDigitalGridDNP|Any CPU.ActiveCfg = ReleaseDigitalGridDNP|Any CPU
		{8C1FD785-7558-4ED5-A937-4A63AF83F53C}.ReleaseDigitalGridDNP|Any CPU.Build.0 = ReleaseDigitalGridDNP|Any CPU
		{8C1FD785-7558-4ED5-A937-4A63AF83F53C}.ReleaseGE|Any CPU.ActiveCfg = ReleaseGE|Any CPU
		{8C1FD785-7558-4ED5-A937-4A63AF83F53C}.ReleaseGE|Any CPU.Build.0 = ReleaseGE|Any CPU
		{8C1FD785-7558-4ED5-A937-4A63AF83F53C}.ReleaseMemphis|Any CPU.ActiveCfg = ReleaseMemphis|Any CPU
		{8C1FD785-7558-4ED5-A937-4A63AF83F53C}.ReleaseMemphis|Any CPU.Build.0 = ReleaseMemphis|Any CPU
		{8C1FD785-7558-4ED5-A937-4A63AF83F53C}.SafeServiceTest|Any CPU.ActiveCfg = SafeServiceTest|Any CPU
		{8C1FD785-7558-4ED5-A937-4A63AF83F53C}.SafeServiceTest|Any CPU.Build.0 = SafeServiceTest|Any CPU
		{8C1FD785-7558-4ED5-A937-4A63AF83F53C}.SeattleTest|Any CPU.ActiveCfg = SeattleTest|Any CPU
		{8C1FD785-7558-4ED5-A937-4A63AF83F53C}.SeattleTest|Any CPU.Build.0 = SeattleTest|Any CPU
		{8C1FD785-7558-4ED5-A937-4A63AF83F53C}.Test|Any CPU.ActiveCfg = Test|Any CPU
		{8C1FD785-7558-4ED5-A937-4A63AF83F53C}.Test|Any CPU.Build.0 = Test|Any CPU
		{8C1FD785-7558-4ED5-A937-4A63AF83F53C}.TransmitterEnable|Any CPU.ActiveCfg = TransmitterEnable|Any CPU
		{8C1FD785-7558-4ED5-A937-4A63AF83F53C}.TransmitterEnable|Any CPU.Build.0 = TransmitterEnable|Any CPU
		{8C1FD785-7558-4ED5-A937-4A63AF83F53C}.Waterbug Tester|Any CPU.ActiveCfg = Waterbug Tester|Any CPU
		{8C1FD785-7558-4ED5-A937-4A63AF83F53C}.Waterbug Tester|Any CPU.Build.0 = Waterbug Tester|Any CPU
		{8C1FD785-7558-4ED5-A937-4A63AF83F53C}.WaterbugTest|Any CPU.ActiveCfg = WaterbugTest|Any CPU
		{8C1FD785-7558-4ED5-A937-4A63AF83F53C}.WaterbugTest|Any CPU.Build.0 = WaterbugTest|Any CPU
		{8C1FD785-7558-4ED5-A937-4A63AF83F53C}.WaterbugTester|Any CPU.ActiveCfg = WaterbugTester|Any CPU
		{8C1FD785-7558-4ED5-A937-4A63AF83F53C}.WaterbugTester|Any CPU.Build.0 = WaterbugTester|Any CPU
		{E861DC92-010B-456B-85DA-DF917F6F05D7}.AddOn|Any CPU.ActiveCfg = Release|Any CPU
		{E861DC92-010B-456B-85DA-DF917F6F05D7}.AddOn|Any CPU.Build.0 = Release|Any CPU
		{E861DC92-010B-456B-85DA-DF917F6F05D7}.ConEDRelease|Any CPU.ActiveCfg = Release|Any CPU
		{E861DC92-010B-456B-85DA-DF917F6F05D7}.ConEDRelease|Any CPU.Build.0 = Release|Any CPU
		{E861DC92-010B-456B-85DA-DF917F6F05D7}.Debug|Any CPU.ActiveCfg = Debug|Any CPU
		{E861DC92-010B-456B-85DA-DF917F6F05D7}.Debug|Any CPU.Build.0 = Debug|Any CPU
		{E861DC92-010B-456B-85DA-DF917F6F05D7}.NoSend|Any CPU.ActiveCfg = Release|Any CPU
		{E861DC92-010B-456B-85DA-DF917F6F05D7}.NoSend|Any CPU.Build.0 = Release|Any CPU
		{E861DC92-010B-456B-85DA-DF917F6F05D7}.Release|Any CPU.ActiveCfg = Release|Any CPU
		{E861DC92-010B-456B-85DA-DF917F6F05D7}.Release|Any CPU.Build.0 = Release|Any CPU
		{E861DC92-010B-456B-85DA-DF917F6F05D7}.ReleaseDigitalGridDNP|Any CPU.ActiveCfg = Release|Any CPU
		{E861DC92-010B-456B-85DA-DF917F6F05D7}.ReleaseDigitalGridDNP|Any CPU.Build.0 = Release|Any CPU
		{E861DC92-010B-456B-85DA-DF917F6F05D7}.ReleaseGE|Any CPU.ActiveCfg = Release|Any CPU
		{E861DC92-010B-456B-85DA-DF917F6F05D7}.ReleaseGE|Any CPU.Build.0 = Release|Any CPU
		{E861DC92-010B-456B-85DA-DF917F6F05D7}.ReleaseMemphis|Any CPU.ActiveCfg = Release|Any CPU
		{E861DC92-010B-456B-85DA-DF917F6F05D7}.ReleaseMemphis|Any CPU.Build.0 = Release|Any CPU
		{E861DC92-010B-456B-85DA-DF917F6F05D7}.SafeServiceTest|Any CPU.ActiveCfg = Release|Any CPU
		{E861DC92-010B-456B-85DA-DF917F6F05D7}.SafeServiceTest|Any CPU.Build.0 = Release|Any CPU
		{E861DC92-010B-456B-85DA-DF917F6F05D7}.SeattleTest|Any CPU.ActiveCfg = Release|Any CPU
		{E861DC92-010B-456B-85DA-DF917F6F05D7}.SeattleTest|Any CPU.Build.0 = Release|Any CPU
		{E861DC92-010B-456B-85DA-DF917F6F05D7}.Test|Any CPU.ActiveCfg = Release|Any CPU
		{E861DC92-010B-456B-85DA-DF917F6F05D7}.Test|Any CPU.Build.0 = Release|Any CPU
		{E861DC92-010B-456B-85DA-DF917F6F05D7}.TransmitterEnable|Any CPU.ActiveCfg = Release|Any CPU
		{E861DC92-010B-456B-85DA-DF917F6F05D7}.TransmitterEnable|Any CPU.Build.0 = Release|Any CPU
		{E861DC92-010B-456B-85DA-DF917F6F05D7}.Waterbug Tester|Any CPU.ActiveCfg = Release|Any CPU
		{E861DC92-010B-456B-85DA-DF917F6F05D7}.Waterbug Tester|Any CPU.Build.0 = Release|Any CPU
		{E861DC92-010B-456B-85DA-DF917F6F05D7}.WaterbugTest|Any CPU.ActiveCfg = Release|Any CPU
		{E861DC92-010B-456B-85DA-DF917F6F05D7}.WaterbugTest|Any CPU.Build.0 = Release|Any CPU
		{E861DC92-010B-456B-85DA-DF917F6F05D7}.WaterbugTester|Any CPU.ActiveCfg = Release|Any CPU
		{E861DC92-010B-456B-85DA-DF917F6F05D7}.WaterbugTester|Any CPU.Build.0 = Release|Any CPU
		{E69D17C3-3869-4390-9415-ECB7DB9CF3C0}.AddOn|Any CPU.ActiveCfg = Release|Any CPU
		{E69D17C3-3869-4390-9415-ECB7DB9CF3C0}.AddOn|Any CPU.Build.0 = Release|Any CPU
		{E69D17C3-3869-4390-9415-ECB7DB9CF3C0}.ConEDRelease|Any CPU.ActiveCfg = Release|Any CPU
		{E69D17C3-3869-4390-9415-ECB7DB9CF3C0}.ConEDRelease|Any CPU.Build.0 = Release|Any CPU
		{E69D17C3-3869-4390-9415-ECB7DB9CF3C0}.Debug|Any CPU.ActiveCfg = Debug|Any CPU
		{E69D17C3-3869-4390-9415-ECB7DB9CF3C0}.Debug|Any CPU.Build.0 = Debug|Any CPU
		{E69D17C3-3869-4390-9415-ECB7DB9CF3C0}.NoSend|Any CPU.ActiveCfg = Release|Any CPU
		{E69D17C3-3869-4390-9415-ECB7DB9CF3C0}.NoSend|Any CPU.Build.0 = Release|Any CPU
		{E69D17C3-3869-4390-9415-ECB7DB9CF3C0}.Release|Any CPU.ActiveCfg = Release|Any CPU
		{E69D17C3-3869-4390-9415-ECB7DB9CF3C0}.Release|Any CPU.Build.0 = Release|Any CPU
		{E69D17C3-3869-4390-9415-ECB7DB9CF3C0}.ReleaseDigitalGridDNP|Any CPU.ActiveCfg = Release|Any CPU
		{E69D17C3-3869-4390-9415-ECB7DB9CF3C0}.ReleaseDigitalGridDNP|Any CPU.Build.0 = Release|Any CPU
		{E69D17C3-3869-4390-9415-ECB7DB9CF3C0}.ReleaseGE|Any CPU.ActiveCfg = Release|Any CPU
		{E69D17C3-3869-4390-9415-ECB7DB9CF3C0}.ReleaseGE|Any CPU.Build.0 = Release|Any CPU
		{E69D17C3-3869-4390-9415-ECB7DB9CF3C0}.ReleaseMemphis|Any CPU.ActiveCfg = Release|Any CPU
		{E69D17C3-3869-4390-9415-ECB7DB9CF3C0}.ReleaseMemphis|Any CPU.Build.0 = Release|Any CPU
		{E69D17C3-3869-4390-9415-ECB7DB9CF3C0}.SafeServiceTest|Any CPU.ActiveCfg = Release|Any CPU
		{E69D17C3-3869-4390-9415-ECB7DB9CF3C0}.SafeServiceTest|Any CPU.Build.0 = Release|Any CPU
		{E69D17C3-3869-4390-9415-ECB7DB9CF3C0}.SeattleTest|Any CPU.ActiveCfg = Release|Any CPU
		{E69D17C3-3869-4390-9415-ECB7DB9CF3C0}.SeattleTest|Any CPU.Build.0 = Release|Any CPU
		{E69D17C3-3869-4390-9415-ECB7DB9CF3C0}.Test|Any CPU.ActiveCfg = Release|Any CPU
		{E69D17C3-3869-4390-9415-ECB7DB9CF3C0}.Test|Any CPU.Build.0 = Release|Any CPU
		{E69D17C3-3869-4390-9415-ECB7DB9CF3C0}.TransmitterEnable|Any CPU.ActiveCfg = Release|Any CPU
		{E69D17C3-3869-4390-9415-ECB7DB9CF3C0}.TransmitterEnable|Any CPU.Build.0 = Release|Any CPU
		{E69D17C3-3869-4390-9415-ECB7DB9CF3C0}.Waterbug Tester|Any CPU.ActiveCfg = Release|Any CPU
		{E69D17C3-3869-4390-9415-ECB7DB9CF3C0}.Waterbug Tester|Any CPU.Build.0 = Release|Any CPU
		{E69D17C3-3869-4390-9415-ECB7DB9CF3C0}.WaterbugTest|Any CPU.ActiveCfg = Release|Any CPU
		{E69D17C3-3869-4390-9415-ECB7DB9CF3C0}.WaterbugTest|Any CPU.Build.0 = Release|Any CPU
		{E69D17C3-3869-4390-9415-ECB7DB9CF3C0}.WaterbugTester|Any CPU.ActiveCfg = Release|Any CPU
		{E69D17C3-3869-4390-9415-ECB7DB9CF3C0}.WaterbugTester|Any CPU.Build.0 = Release|Any CPU
	EndGlobalSection
	GlobalSection(SolutionProperties) = preSolution
		HideSolutionNode = FALSE
	EndGlobalSection
EndGlobal
