
Microsoft Visual Studio Solution File, Format Version 12.00
# Visual Studio Version 17
VisualStudioVersion = 17.10.35201.131
MinimumVisualStudioVersion = 10.0.40219.1
Project("{FAE04EC0-301F-11D3-BF4B-00C04F79EFBC}") = "SineDisplayGraph", "SineDisplayGraph\SineDisplayGraph.csproj", "{DDE0CDF5-C8DE-4887-8E7A-AD7BF23BEE3F}"
EndProject
Project("{FAE04EC0-301F-11D3-BF4B-00C04F79EFBC}") = "RelayControlLibrary", "RelayControlLibrary\RelayControlLibrary.csproj", "{B0E5F73E-DC0B-4BE0-8BBF-1903864D67DF}"
EndProject
Project("{FAE04EC0-301F-11D3-BF4B-00C04F79EFBC}") = "RelayControl", "RelayControl\RelayControl.csproj", "{D1B42759-31A0-42B0-B4F4-3F764632E326}"
	ProjectSection(ProjectDependencies) = postProject
		{8C1FD785-7558-4ED5-A937-4A63AF83F53C} = {8C1FD785-7558-4ED5-A937-4A63AF83F53C}
	EndProjectSection
EndProject
Project("{FAE04EC0-301F-11D3-BF4B-00C04F79EFBC}") = "Exocortex.DSP.v1", "..\Exocortex\src\Exocortex.DSP.v1.csproj", "{1904A41B-D1B8-40E5-ADBB-728DDCF7C816}"
EndProject
Project("{FAE04EC0-301F-11D3-BF4B-00C04F79EFBC}") = "MyFileIO", "..\MyFileIO\MyFileIO.csproj", "{8C1FD785-7558-4ED5-A937-4A63AF83F53C}"
EndProject
Project("{FAE04EC0-301F-11D3-BF4B-00C04F79EFBC}") = "SavedSettings", "SavedSettings\SavedSettings.csproj", "{E861DC92-010B-456B-85DA-DF917F6F05D7}"
	ProjectSection(ProjectDependencies) = postProject
		{B0E5F73E-DC0B-4BE0-8BBF-1903864D67DF} = {B0E5F73E-DC0B-4BE0-8BBF-1903864D67DF}
	EndProjectSection
EndProject
Project("{FAE04EC0-301F-11D3-BF4B-00C04F79EFBC}") = "RelayDNPSecurity", "RelayDNPSecurity\RelayDNPSecurity.csproj", "{E69D17C3-3869-4390-9415-ECB7DB9CF3C0}"
EndProject
Project("{FAE04EC0-301F-11D3-BF4B-00C04F79EFBC}") = "SharedResources", "SharedResources\SharedResources.csproj", "{937D58BA-E306-4996-B9A9-9E577E80FDBF}"
EndProject
Project("{FAE04EC0-301F-11D3-BF4B-00C04F79EFBC}") = "IPAddressControlLib", "..\IPControl\VS2017\IPAddressControlLib\IPAddressControlLib.csproj", "{804EAE0F-F93E-46C2-AC10-BD2BFDCADD92}"
EndProject
Global
	GlobalSection(SolutionConfigurationPlatforms) = preSolution
		Debug|Any CPU = Debug|Any CPU
		Release BGE|Any CPU = Release BGE|Any CPU
		Release COMED|Any CPU = Release COMED|Any CPU
		Release ConED|Any CPU = Release ConED|Any CPU
		Release Dominion|Any CPU = Release Dominion|Any CPU
		Release Engineering|Any CPU = Release Engineering|Any CPU
		Release ENMAX|Any CPU = Release ENMAX|Any CPU
		Release Eversource|Any CPU = Release Eversource|Any CPU
		Release LondoHydro|Any CPU = Release LondoHydro|Any CPU
		Release Oncor|Any CPU = Release Oncor|Any CPU
		Release PSEG|Any CPU = Release PSEG|Any CPU
		Release SCE|Any CPU = Release SCE|Any CPU
		Release SCL|Any CPU = Release SCL|Any CPU
		Release TAUNTON|Any CPU = Release TAUNTON|Any CPU
		Release TorontoHydro|Any CPU = Release TorontoHydro|Any CPU
		Release|Any CPU = Release|Any CPU
	EndGlobalSection
	GlobalSection(ProjectConfigurationPlatforms) = postSolution
		{DDE0CDF5-C8DE-4887-8E7A-AD7BF23BEE3F}.Debug|Any CPU.ActiveCfg = Debug|Any CPU
		{DDE0CDF5-C8DE-4887-8E7A-AD7BF23BEE3F}.Debug|Any CPU.Build.0 = Debug|Any CPU
		{DDE0CDF5-C8DE-4887-8E7A-AD7BF23BEE3F}.Release BGE|Any CPU.ActiveCfg = Release|Any CPU
		{DDE0CDF5-C8DE-4887-8E7A-AD7BF23BEE3F}.Release BGE|Any CPU.Build.0 = Release|Any CPU
		{DDE0CDF5-C8DE-4887-8E7A-AD7BF23BEE3F}.Release COMED|Any CPU.ActiveCfg = Release|Any CPU
		{DDE0CDF5-C8DE-4887-8E7A-AD7BF23BEE3F}.Release COMED|Any CPU.Build.0 = Release|Any CPU
		{DDE0CDF5-C8DE-4887-8E7A-AD7BF23BEE3F}.Release ConED|Any CPU.ActiveCfg = Release|Any CPU
		{DDE0CDF5-C8DE-4887-8E7A-AD7BF23BEE3F}.Release ConED|Any CPU.Build.0 = Release|Any CPU
		{DDE0CDF5-C8DE-4887-8E7A-AD7BF23BEE3F}.Release Dominion|Any CPU.ActiveCfg = Release|Any CPU
		{DDE0CDF5-C8DE-4887-8E7A-AD7BF23BEE3F}.Release Dominion|Any CPU.Build.0 = Release|Any CPU
		{DDE0CDF5-C8DE-4887-8E7A-AD7BF23BEE3F}.Release Engineering|Any CPU.ActiveCfg = Release|Any CPU
		{DDE0CDF5-C8DE-4887-8E7A-AD7BF23BEE3F}.Release Engineering|Any CPU.Build.0 = Release|Any CPU
		{DDE0CDF5-C8DE-4887-8E7A-AD7BF23BEE3F}.Release ENMAX|Any CPU.ActiveCfg = Release|Any CPU
		{DDE0CDF5-C8DE-4887-8E7A-AD7BF23BEE3F}.Release ENMAX|Any CPU.Build.0 = Release|Any CPU
		{DDE0CDF5-C8DE-4887-8E7A-AD7BF23BEE3F}.Release Eversource|Any CPU.ActiveCfg = Release|Any CPU
		{DDE0CDF5-C8DE-4887-8E7A-AD7BF23BEE3F}.Release Eversource|Any CPU.Build.0 = Release|Any CPU
		{DDE0CDF5-C8DE-4887-8E7A-AD7BF23BEE3F}.Release LondoHydro|Any CPU.ActiveCfg = Release|Any CPU
		{DDE0CDF5-C8DE-4887-8E7A-AD7BF23BEE3F}.Release LondoHydro|Any CPU.Build.0 = Release|Any CPU
		{DDE0CDF5-C8DE-4887-8E7A-AD7BF23BEE3F}.Release Oncor|Any CPU.ActiveCfg = Release|Any CPU
		{DDE0CDF5-C8DE-4887-8E7A-AD7BF23BEE3F}.Release Oncor|Any CPU.Build.0 = Release|Any CPU
		{DDE0CDF5-C8DE-4887-8E7A-AD7BF23BEE3F}.Release PSEG|Any CPU.ActiveCfg = Release|Any CPU
		{DDE0CDF5-C8DE-4887-8E7A-AD7BF23BEE3F}.Release PSEG|Any CPU.Build.0 = Release|Any CPU
		{DDE0CDF5-C8DE-4887-8E7A-AD7BF23BEE3F}.Release SCE|Any CPU.ActiveCfg = Release|Any CPU
		{DDE0CDF5-C8DE-4887-8E7A-AD7BF23BEE3F}.Release SCE|Any CPU.Build.0 = Release|Any CPU
		{DDE0CDF5-C8DE-4887-8E7A-AD7BF23BEE3F}.Release SCL|Any CPU.ActiveCfg = Release|Any CPU
		{DDE0CDF5-C8DE-4887-8E7A-AD7BF23BEE3F}.Release SCL|Any CPU.Build.0 = Release|Any CPU
		{DDE0CDF5-C8DE-4887-8E7A-AD7BF23BEE3F}.Release TAUNTON|Any CPU.ActiveCfg = Release|Any CPU
		{DDE0CDF5-C8DE-4887-8E7A-AD7BF23BEE3F}.Release TAUNTON|Any CPU.Build.0 = Release|Any CPU
		{DDE0CDF5-C8DE-4887-8E7A-AD7BF23BEE3F}.Release TorontoHydro|Any CPU.ActiveCfg = Release|Any CPU
		{DDE0CDF5-C8DE-4887-8E7A-AD7BF23BEE3F}.Release TorontoHydro|Any CPU.Build.0 = Release|Any CPU
		{DDE0CDF5-C8DE-4887-8E7A-AD7BF23BEE3F}.Release|Any CPU.ActiveCfg = Release|Any CPU
		{DDE0CDF5-C8DE-4887-8E7A-AD7BF23BEE3F}.Release|Any CPU.Build.0 = Release|Any CPU
		{B0E5F73E-DC0B-4BE0-8BBF-1903864D67DF}.Debug|Any CPU.ActiveCfg = Debug|Any CPU
		{B0E5F73E-DC0B-4BE0-8BBF-1903864D67DF}.Debug|Any CPU.Build.0 = Debug|Any CPU
		{B0E5F73E-DC0B-4BE0-8BBF-1903864D67DF}.Release BGE|Any CPU.ActiveCfg = Release|Any CPU
		{B0E5F73E-DC0B-4BE0-8BBF-1903864D67DF}.Release BGE|Any CPU.Build.0 = Release|Any CPU
		{B0E5F73E-DC0B-4BE0-8BBF-1903864D67DF}.Release COMED|Any CPU.ActiveCfg = Release|Any CPU
		{B0E5F73E-DC0B-4BE0-8BBF-1903864D67DF}.Release COMED|Any CPU.Build.0 = Release|Any CPU
		{B0E5F73E-DC0B-4BE0-8BBF-1903864D67DF}.Release ConED|Any CPU.ActiveCfg = Release|Any CPU
		{B0E5F73E-DC0B-4BE0-8BBF-1903864D67DF}.Release ConED|Any CPU.Build.0 = Release|Any CPU
		{B0E5F73E-DC0B-4BE0-8BBF-1903864D67DF}.Release Dominion|Any CPU.ActiveCfg = Release|Any CPU
		{B0E5F73E-DC0B-4BE0-8BBF-1903864D67DF}.Release Dominion|Any CPU.Build.0 = Release|Any CPU
		{B0E5F73E-DC0B-4BE0-8BBF-1903864D67DF}.Release Engineering|Any CPU.ActiveCfg = Release|Any CPU
		{B0E5F73E-DC0B-4BE0-8BBF-1903864D67DF}.Release Engineering|Any CPU.Build.0 = Release|Any CPU
		{B0E5F73E-DC0B-4BE0-8BBF-1903864D67DF}.Release ENMAX|Any CPU.ActiveCfg = Release|Any CPU
		{B0E5F73E-DC0B-4BE0-8BBF-1903864D67DF}.Release ENMAX|Any CPU.Build.0 = Release|Any CPU
		{B0E5F73E-DC0B-4BE0-8BBF-1903864D67DF}.Release Eversource|Any CPU.ActiveCfg = Release|Any CPU
		{B0E5F73E-DC0B-4BE0-8BBF-1903864D67DF}.Release Eversource|Any CPU.Build.0 = Release|Any CPU
		{B0E5F73E-DC0B-4BE0-8BBF-1903864D67DF}.Release LondoHydro|Any CPU.ActiveCfg = Release|Any CPU
		{B0E5F73E-DC0B-4BE0-8BBF-1903864D67DF}.Release LondoHydro|Any CPU.Build.0 = Release|Any CPU
		{B0E5F73E-DC0B-4BE0-8BBF-1903864D67DF}.Release Oncor|Any CPU.ActiveCfg = Release|Any CPU
		{B0E5F73E-DC0B-4BE0-8BBF-1903864D67DF}.Release Oncor|Any CPU.Build.0 = Release|Any CPU
		{B0E5F73E-DC0B-4BE0-8BBF-1903864D67DF}.Release PSEG|Any CPU.ActiveCfg = Release|Any CPU
		{B0E5F73E-DC0B-4BE0-8BBF-1903864D67DF}.Release PSEG|Any CPU.Build.0 = Release|Any CPU
		{B0E5F73E-DC0B-4BE0-8BBF-1903864D67DF}.Release SCE|Any CPU.ActiveCfg = Release|Any CPU
		{B0E5F73E-DC0B-4BE0-8BBF-1903864D67DF}.Release SCE|Any CPU.Build.0 = Release|Any CPU
		{B0E5F73E-DC0B-4BE0-8BBF-1903864D67DF}.Release SCL|Any CPU.ActiveCfg = Release|Any CPU
		{B0E5F73E-DC0B-4BE0-8BBF-1903864D67DF}.Release SCL|Any CPU.Build.0 = Release|Any CPU
		{B0E5F73E-DC0B-4BE0-8BBF-1903864D67DF}.Release TAUNTON|Any CPU.ActiveCfg = Release|Any CPU
		{B0E5F73E-DC0B-4BE0-8BBF-1903864D67DF}.Release TAUNTON|Any CPU.Build.0 = Release|Any CPU
		{B0E5F73E-DC0B-4BE0-8BBF-1903864D67DF}.Release TorontoHydro|Any CPU.ActiveCfg = Release|Any CPU
		{B0E5F73E-DC0B-4BE0-8BBF-1903864D67DF}.Release TorontoHydro|Any CPU.Build.0 = Release|Any CPU
		{B0E5F73E-DC0B-4BE0-8BBF-1903864D67DF}.Release|Any CPU.ActiveCfg = Release|Any CPU
		{B0E5F73E-DC0B-4BE0-8BBF-1903864D67DF}.Release|Any CPU.Build.0 = Release|Any CPU
		{D1B42759-31A0-42B0-B4F4-3F764632E326}.Debug|Any CPU.ActiveCfg = Debug|Any CPU
		{D1B42759-31A0-42B0-B4F4-3F764632E326}.Debug|Any CPU.Build.0 = Debug|Any CPU
		{D1B42759-31A0-42B0-B4F4-3F764632E326}.Release BGE|Any CPU.ActiveCfg = Release BGE|Any CPU
		{D1B42759-31A0-42B0-B4F4-3F764632E326}.Release BGE|Any CPU.Build.0 = Release BGE|Any CPU
		{D1B42759-31A0-42B0-B4F4-3F764632E326}.Release COMED|Any CPU.ActiveCfg = Release COMED|Any CPU
		{D1B42759-31A0-42B0-B4F4-3F764632E326}.Release COMED|Any CPU.Build.0 = Release COMED|Any CPU
		{D1B42759-31A0-42B0-B4F4-3F764632E326}.Release ConED|Any CPU.ActiveCfg = Release ConED|Any CPU
		{D1B42759-31A0-42B0-B4F4-3F764632E326}.Release ConED|Any CPU.Build.0 = Release ConED|Any CPU
		{D1B42759-31A0-42B0-B4F4-3F764632E326}.Release Dominion|Any CPU.ActiveCfg = Release Dominion|Any CPU
		{D1B42759-31A0-42B0-B4F4-3F764632E326}.Release Dominion|Any CPU.Build.0 = Release Dominion|Any CPU
		{D1B42759-31A0-42B0-B4F4-3F764632E326}.Release Engineering|Any CPU.ActiveCfg = Release Engineering|Any CPU
		{D1B42759-31A0-42B0-B4F4-3F764632E326}.Release Engineering|Any CPU.Build.0 = Release Engineering|Any CPU
		{D1B42759-31A0-42B0-B4F4-3F764632E326}.Release ENMAX|Any CPU.ActiveCfg = Release ENMAX|Any CPU
		{D1B42759-31A0-42B0-B4F4-3F764632E326}.Release ENMAX|Any CPU.Build.0 = Release ENMAX|Any CPU
		{D1B42759-31A0-42B0-B4F4-3F764632E326}.Release Eversource|Any CPU.ActiveCfg = Release Eversource|Any CPU
		{D1B42759-31A0-42B0-B4F4-3F764632E326}.Release Eversource|Any CPU.Build.0 = Release Eversource|Any CPU
		{D1B42759-31A0-42B0-B4F4-3F764632E326}.Release LondoHydro|Any CPU.ActiveCfg = Release LONDON_HYDRO|Any CPU
		{D1B42759-31A0-42B0-B4F4-3F764632E326}.Release LondoHydro|Any CPU.Build.0 = Release LONDON_HYDRO|Any CPU
		{D1B42759-31A0-42B0-B4F4-3F764632E326}.Release Oncor|Any CPU.ActiveCfg = Release Oncor|Any CPU
		{D1B42759-31A0-42B0-B4F4-3F764632E326}.Release Oncor|Any CPU.Build.0 = Release Oncor|Any CPU
		{D1B42759-31A0-42B0-B4F4-3F764632E326}.Release PSEG|Any CPU.ActiveCfg = Release PSEG|Any CPU
		{D1B42759-31A0-42B0-B4F4-3F764632E326}.Release PSEG|Any CPU.Build.0 = Release PSEG|Any CPU
		{D1B42759-31A0-42B0-B4F4-3F764632E326}.Release SCE|Any CPU.ActiveCfg = Release SCE|Any CPU
		{D1B42759-31A0-42B0-B4F4-3F764632E326}.Release SCE|Any CPU.Build.0 = Release SCE|Any CPU
		{D1B42759-31A0-42B0-B4F4-3F764632E326}.Release SCL|Any CPU.ActiveCfg = Release SCL|Any CPU
		{D1B42759-31A0-42B0-B4F4-3F764632E326}.Release SCL|Any CPU.Build.0 = Release SCL|Any CPU
		{D1B42759-31A0-42B0-B4F4-3F764632E326}.Release TAUNTON|Any CPU.ActiveCfg = Release TAUNTON|Any CPU
		{D1B42759-31A0-42B0-B4F4-3F764632E326}.Release TAUNTON|Any CPU.Build.0 = Release TAUNTON|Any CPU
		{D1B42759-31A0-42B0-B4F4-3F764632E326}.Release TorontoHydro|Any CPU.ActiveCfg = Release TorontoHydro|Any CPU
		{D1B42759-31A0-42B0-B4F4-3F764632E326}.Release TorontoHydro|Any CPU.Build.0 = Release TorontoHydro|Any CPU
		{D1B42759-31A0-42B0-B4F4-3F764632E326}.Release|Any CPU.ActiveCfg = Release|Any CPU
		{D1B42759-31A0-42B0-B4F4-3F764632E326}.Release|Any CPU.Build.0 = Release|Any CPU
		{1904A41B-D1B8-40E5-ADBB-728DDCF7C816}.Debug|Any CPU.ActiveCfg = Debug|Any CPU
		{1904A41B-D1B8-40E5-ADBB-728DDCF7C816}.Debug|Any CPU.Build.0 = Debug|Any CPU
		{1904A41B-D1B8-40E5-ADBB-728DDCF7C816}.Release BGE|Any CPU.ActiveCfg = Release|Any CPU
		{1904A41B-D1B8-40E5-ADBB-728DDCF7C816}.Release BGE|Any CPU.Build.0 = Release|Any CPU
		{1904A41B-D1B8-40E5-ADBB-728DDCF7C816}.Release COMED|Any CPU.ActiveCfg = Release|Any CPU
		{1904A41B-D1B8-40E5-ADBB-728DDCF7C816}.Release COMED|Any CPU.Build.0 = Release|Any CPU
		{1904A41B-D1B8-40E5-ADBB-728DDCF7C816}.Release ConED|Any CPU.ActiveCfg = Release|Any CPU
		{1904A41B-D1B8-40E5-ADBB-728DDCF7C816}.Release ConED|Any CPU.Build.0 = Release|Any CPU
		{1904A41B-D1B8-40E5-ADBB-728DDCF7C816}.Release Dominion|Any CPU.ActiveCfg = Release|Any CPU
		{1904A41B-D1B8-40E5-ADBB-728DDCF7C816}.Release Dominion|Any CPU.Build.0 = Release|Any CPU
		{1904A41B-D1B8-40E5-ADBB-728DDCF7C816}.Release Engineering|Any CPU.ActiveCfg = Release|Any CPU
		{1904A41B-D1B8-40E5-ADBB-728DDCF7C816}.Release Engineering|Any CPU.Build.0 = Release|Any CPU
		{1904A41B-D1B8-40E5-ADBB-728DDCF7C816}.Release ENMAX|Any CPU.ActiveCfg = Release|Any CPU
		{1904A41B-D1B8-40E5-ADBB-728DDCF7C816}.Release ENMAX|Any CPU.Build.0 = Release|Any CPU
		{1904A41B-D1B8-40E5-ADBB-728DDCF7C816}.Release Eversource|Any CPU.ActiveCfg = Release|Any CPU
		{1904A41B-D1B8-40E5-ADBB-728DDCF7C816}.Release Eversource|Any CPU.Build.0 = Release|Any CPU
		{1904A41B-D1B8-40E5-ADBB-728DDCF7C816}.Release LondoHydro|Any CPU.ActiveCfg = Release|Any CPU
		{1904A41B-D1B8-40E5-ADBB-728DDCF7C816}.Release LondoHydro|Any CPU.Build.0 = Release|Any CPU
		{1904A41B-D1B8-40E5-ADBB-728DDCF7C816}.Release Oncor|Any CPU.ActiveCfg = Release|Any CPU
		{1904A41B-D1B8-40E5-ADBB-728DDCF7C816}.Release Oncor|Any CPU.Build.0 = Release|Any CPU
		{1904A41B-D1B8-40E5-ADBB-728DDCF7C816}.Release PSEG|Any CPU.ActiveCfg = Release|Any CPU
		{1904A41B-D1B8-40E5-ADBB-728DDCF7C816}.Release PSEG|Any CPU.Build.0 = Release|Any CPU
		{1904A41B-D1B8-40E5-ADBB-728DDCF7C816}.Release SCE|Any CPU.ActiveCfg = Release|Any CPU
		{1904A41B-D1B8-40E5-ADBB-728DDCF7C816}.Release SCE|Any CPU.Build.0 = Release|Any CPU
		{1904A41B-D1B8-40E5-ADBB-728DDCF7C816}.Release SCL|Any CPU.ActiveCfg = Release|Any CPU
		{1904A41B-D1B8-40E5-ADBB-728DDCF7C816}.Release SCL|Any CPU.Build.0 = Release|Any CPU
		{1904A41B-D1B8-40E5-ADBB-728DDCF7C816}.Release TAUNTON|Any CPU.ActiveCfg = Release|Any CPU
		{1904A41B-D1B8-40E5-ADBB-728DDCF7C816}.Release TAUNTON|Any CPU.Build.0 = Release|Any CPU
		{1904A41B-D1B8-40E5-ADBB-728DDCF7C816}.Release TorontoHydro|Any CPU.ActiveCfg = Release|Any CPU
		{1904A41B-D1B8-40E5-ADBB-728DDCF7C816}.Release TorontoHydro|Any CPU.Build.0 = Release|Any CPU
		{1904A41B-D1B8-40E5-ADBB-728DDCF7C816}.Release|Any CPU.ActiveCfg = Release|Any CPU
		{1904A41B-D1B8-40E5-ADBB-728DDCF7C816}.Release|Any CPU.Build.0 = Release|Any CPU
		{8C1FD785-7558-4ED5-A937-4A63AF83F53C}.Debug|Any CPU.ActiveCfg = Debug|Any CPU
		{8C1FD785-7558-4ED5-A937-4A63AF83F53C}.Debug|Any CPU.Build.0 = Debug|Any CPU
		{8C1FD785-7558-4ED5-A937-4A63AF83F53C}.Release BGE|Any CPU.ActiveCfg = Release|Any CPU
		{8C1FD785-7558-4ED5-A937-4A63AF83F53C}.Release BGE|Any CPU.Build.0 = Release|Any CPU
		{8C1FD785-7558-4ED5-A937-4A63AF83F53C}.Release COMED|Any CPU.ActiveCfg = Release|Any CPU
		{8C1FD785-7558-4ED5-A937-4A63AF83F53C}.Release COMED|Any CPU.Build.0 = Release|Any CPU
		{8C1FD785-7558-4ED5-A937-4A63AF83F53C}.Release ConED|Any CPU.ActiveCfg = Release|Any CPU
		{8C1FD785-7558-4ED5-A937-4A63AF83F53C}.Release ConED|Any CPU.Build.0 = Release|Any CPU
		{8C1FD785-7558-4ED5-A937-4A63AF83F53C}.Release Dominion|Any CPU.ActiveCfg = Release|Any CPU
		{8C1FD785-7558-4ED5-A937-4A63AF83F53C}.Release Dominion|Any CPU.Build.0 = Release|Any CPU
		{8C1FD785-7558-4ED5-A937-4A63AF83F53C}.Release Engineering|Any CPU.ActiveCfg = Release|Any CPU
		{8C1FD785-7558-4ED5-A937-4A63AF83F53C}.Release Engineering|Any CPU.Build.0 = Release|Any CPU
		{8C1FD785-7558-4ED5-A937-4A63AF83F53C}.Release ENMAX|Any CPU.ActiveCfg = Release|Any CPU
		{8C1FD785-7558-4ED5-A937-4A63AF83F53C}.Release ENMAX|Any CPU.Build.0 = Release|Any CPU
		{8C1FD785-7558-4ED5-A937-4A63AF83F53C}.Release Eversource|Any CPU.ActiveCfg = Release|Any CPU
		{8C1FD785-7558-4ED5-A937-4A63AF83F53C}.Release Eversource|Any CPU.Build.0 = Release|Any CPU
		{8C1FD785-7558-4ED5-A937-4A63AF83F53C}.Release LondoHydro|Any CPU.ActiveCfg = Release|Any CPU
		{8C1FD785-7558-4ED5-A937-4A63AF83F53C}.Release LondoHydro|Any CPU.Build.0 = Release|Any CPU
		{8C1FD785-7558-4ED5-A937-4A63AF83F53C}.Release Oncor|Any CPU.ActiveCfg = Release|Any CPU
		{8C1FD785-7558-4ED5-A937-4A63AF83F53C}.Release Oncor|Any CPU.Build.0 = Release|Any CPU
		{8C1FD785-7558-4ED5-A937-4A63AF83F53C}.Release PSEG|Any CPU.ActiveCfg = Release|Any CPU
		{8C1FD785-7558-4ED5-A937-4A63AF83F53C}.Release PSEG|Any CPU.Build.0 = Release|Any CPU
		{8C1FD785-7558-4ED5-A937-4A63AF83F53C}.Release SCE|Any CPU.ActiveCfg = Release|Any CPU
		{8C1FD785-7558-4ED5-A937-4A63AF83F53C}.Release SCE|Any CPU.Build.0 = Release|Any CPU
		{8C1FD785-7558-4ED5-A937-4A63AF83F53C}.Release SCL|Any CPU.ActiveCfg = Release|Any CPU
		{8C1FD785-7558-4ED5-A937-4A63AF83F53C}.Release SCL|Any CPU.Build.0 = Release|Any CPU
		{8C1FD785-7558-4ED5-A937-4A63AF83F53C}.Release TAUNTON|Any CPU.ActiveCfg = Release|Any CPU
		{8C1FD785-7558-4ED5-A937-4A63AF83F53C}.Release TAUNTON|Any CPU.Build.0 = Release|Any CPU
		{8C1FD785-7558-4ED5-A937-4A63AF83F53C}.Release TorontoHydro|Any CPU.ActiveCfg = Release|Any CPU
		{8C1FD785-7558-4ED5-A937-4A63AF83F53C}.Release TorontoHydro|Any CPU.Build.0 = Release|Any CPU
		{8C1FD785-7558-4ED5-A937-4A63AF83F53C}.Release|Any CPU.ActiveCfg = Release|Any CPU
		{8C1FD785-7558-4ED5-A937-4A63AF83F53C}.Release|Any CPU.Build.0 = Release|Any CPU
		{E861DC92-010B-456B-85DA-DF917F6F05D7}.Debug|Any CPU.ActiveCfg = Debug|Any CPU
		{E861DC92-010B-456B-85DA-DF917F6F05D7}.Debug|Any CPU.Build.0 = Debug|Any CPU
		{E861DC92-010B-456B-85DA-DF917F6F05D7}.Release BGE|Any CPU.ActiveCfg = Release|Any CPU
		{E861DC92-010B-456B-85DA-DF917F6F05D7}.Release BGE|Any CPU.Build.0 = Release|Any CPU
		{E861DC92-010B-456B-85DA-DF917F6F05D7}.Release COMED|Any CPU.ActiveCfg = Release|Any CPU
		{E861DC92-010B-456B-85DA-DF917F6F05D7}.Release COMED|Any CPU.Build.0 = Release|Any CPU
		{E861DC92-010B-456B-85DA-DF917F6F05D7}.Release ConED|Any CPU.ActiveCfg = Release|Any CPU
		{E861DC92-010B-456B-85DA-DF917F6F05D7}.Release ConED|Any CPU.Build.0 = Release|Any CPU
		{E861DC92-010B-456B-85DA-DF917F6F05D7}.Release Dominion|Any CPU.ActiveCfg = Release|Any CPU
		{E861DC92-010B-456B-85DA-DF917F6F05D7}.Release Dominion|Any CPU.Build.0 = Release|Any CPU
		{E861DC92-010B-456B-85DA-DF917F6F05D7}.Release Engineering|Any CPU.ActiveCfg = Release|Any CPU
		{E861DC92-010B-456B-85DA-DF917F6F05D7}.Release Engineering|Any CPU.Build.0 = Release|Any CPU
		{E861DC92-010B-456B-85DA-DF917F6F05D7}.Release ENMAX|Any CPU.ActiveCfg = Release|Any CPU
		{E861DC92-010B-456B-85DA-DF917F6F05D7}.Release ENMAX|Any CPU.Build.0 = Release|Any CPU
		{E861DC92-010B-456B-85DA-DF917F6F05D7}.Release Eversource|Any CPU.ActiveCfg = Release|Any CPU
		{E861DC92-010B-456B-85DA-DF917F6F05D7}.Release Eversource|Any CPU.Build.0 = Release|Any CPU
		{E861DC92-010B-456B-85DA-DF917F6F05D7}.Release LondoHydro|Any CPU.ActiveCfg = Release|Any CPU
		{E861DC92-010B-456B-85DA-DF917F6F05D7}.Release LondoHydro|Any CPU.Build.0 = Release|Any CPU
		{E861DC92-010B-456B-85DA-DF917F6F05D7}.Release Oncor|Any CPU.ActiveCfg = Release|Any CPU
		{E861DC92-010B-456B-85DA-DF917F6F05D7}.Release Oncor|Any CPU.Build.0 = Release|Any CPU
		{E861DC92-010B-456B-85DA-DF917F6F05D7}.Release PSEG|Any CPU.ActiveCfg = Release|Any CPU
		{E861DC92-010B-456B-85DA-DF917F6F05D7}.Release PSEG|Any CPU.Build.0 = Release|Any CPU
		{E861DC92-010B-456B-85DA-DF917F6F05D7}.Release SCE|Any CPU.ActiveCfg = Release|Any CPU
		{E861DC92-010B-456B-85DA-DF917F6F05D7}.Release SCE|Any CPU.Build.0 = Release|Any CPU
		{E861DC92-010B-456B-85DA-DF917F6F05D7}.Release SCL|Any CPU.ActiveCfg = Release|Any CPU
		{E861DC92-010B-456B-85DA-DF917F6F05D7}.Release SCL|Any CPU.Build.0 = Release|Any CPU
		{E861DC92-010B-456B-85DA-DF917F6F05D7}.Release TAUNTON|Any CPU.ActiveCfg = Release|Any CPU
		{E861DC92-010B-456B-85DA-DF917F6F05D7}.Release TAUNTON|Any CPU.Build.0 = Release|Any CPU
		{E861DC92-010B-456B-85DA-DF917F6F05D7}.Release TorontoHydro|Any CPU.ActiveCfg = Release|Any CPU
		{E861DC92-010B-456B-85DA-DF917F6F05D7}.Release TorontoHydro|Any CPU.Build.0 = Release|Any CPU
		{E861DC92-010B-456B-85DA-DF917F6F05D7}.Release|Any CPU.ActiveCfg = Release|Any CPU
		{E861DC92-010B-456B-85DA-DF917F6F05D7}.Release|Any CPU.Build.0 = Release|Any CPU
		{E69D17C3-3869-4390-9415-ECB7DB9CF3C0}.Debug|Any CPU.ActiveCfg = Debug|Any CPU
		{E69D17C3-3869-4390-9415-ECB7DB9CF3C0}.Debug|Any CPU.Build.0 = Debug|Any CPU
		{E69D17C3-3869-4390-9415-ECB7DB9CF3C0}.Release BGE|Any CPU.ActiveCfg = Release|Any CPU
		{E69D17C3-3869-4390-9415-ECB7DB9CF3C0}.Release BGE|Any CPU.Build.0 = Release|Any CPU
		{E69D17C3-3869-4390-9415-ECB7DB9CF3C0}.Release COMED|Any CPU.ActiveCfg = Release|Any CPU
		{E69D17C3-3869-4390-9415-ECB7DB9CF3C0}.Release COMED|Any CPU.Build.0 = Release|Any CPU
		{E69D17C3-3869-4390-9415-ECB7DB9CF3C0}.Release ConED|Any CPU.ActiveCfg = Release|Any CPU
		{E69D17C3-3869-4390-9415-ECB7DB9CF3C0}.Release ConED|Any CPU.Build.0 = Release|Any CPU
		{E69D17C3-3869-4390-9415-ECB7DB9CF3C0}.Release Dominion|Any CPU.ActiveCfg = Release|Any CPU
		{E69D17C3-3869-4390-9415-ECB7DB9CF3C0}.Release Dominion|Any CPU.Build.0 = Release|Any CPU
		{E69D17C3-3869-4390-9415-ECB7DB9CF3C0}.Release Engineering|Any CPU.ActiveCfg = Release|Any CPU
		{E69D17C3-3869-4390-9415-ECB7DB9CF3C0}.Release Engineering|Any CPU.Build.0 = Release|Any CPU
		{E69D17C3-3869-4390-9415-ECB7DB9CF3C0}.Release ENMAX|Any CPU.ActiveCfg = Release|Any CPU
		{E69D17C3-3869-4390-9415-ECB7DB9CF3C0}.Release ENMAX|Any CPU.Build.0 = Release|Any CPU
		{E69D17C3-3869-4390-9415-ECB7DB9CF3C0}.Release Eversource|Any CPU.ActiveCfg = Release|Any CPU
		{E69D17C3-3869-4390-9415-ECB7DB9CF3C0}.Release Eversource|Any CPU.Build.0 = Release|Any CPU
		{E69D17C3-3869-4390-9415-ECB7DB9CF3C0}.Release LondoHydro|Any CPU.ActiveCfg = Release|Any CPU
		{E69D17C3-3869-4390-9415-ECB7DB9CF3C0}.Release LondoHydro|Any CPU.Build.0 = Release|Any CPU
		{E69D17C3-3869-4390-9415-ECB7DB9CF3C0}.Release Oncor|Any CPU.ActiveCfg = Release|Any CPU
		{E69D17C3-3869-4390-9415-ECB7DB9CF3C0}.Release Oncor|Any CPU.Build.0 = Release|Any CPU
		{E69D17C3-3869-4390-9415-ECB7DB9CF3C0}.Release PSEG|Any CPU.ActiveCfg = Release|Any CPU
		{E69D17C3-3869-4390-9415-ECB7DB9CF3C0}.Release PSEG|Any CPU.Build.0 = Release|Any CPU
		{E69D17C3-3869-4390-9415-ECB7DB9CF3C0}.Release SCE|Any CPU.ActiveCfg = Release|Any CPU
		{E69D17C3-3869-4390-9415-ECB7DB9CF3C0}.Release SCE|Any CPU.Build.0 = Release|Any CPU
		{E69D17C3-3869-4390-9415-ECB7DB9CF3C0}.Release SCL|Any CPU.ActiveCfg = Release|Any CPU
		{E69D17C3-3869-4390-9415-ECB7DB9CF3C0}.Release SCL|Any CPU.Build.0 = Release|Any CPU
		{E69D17C3-3869-4390-9415-ECB7DB9CF3C0}.Release TAUNTON|Any CPU.ActiveCfg = Release|Any CPU
		{E69D17C3-3869-4390-9415-ECB7DB9CF3C0}.Release TAUNTON|Any CPU.Build.0 = Release|Any CPU
		{E69D17C3-3869-4390-9415-ECB7DB9CF3C0}.Release TorontoHydro|Any CPU.ActiveCfg = Release|Any CPU
		{E69D17C3-3869-4390-9415-ECB7DB9CF3C0}.Release TorontoHydro|Any CPU.Build.0 = Release|Any CPU
		{E69D17C3-3869-4390-9415-ECB7DB9CF3C0}.Release|Any CPU.ActiveCfg = Release|Any CPU
		{E69D17C3-3869-4390-9415-ECB7DB9CF3C0}.Release|Any CPU.Build.0 = Release|Any CPU
		{937D58BA-E306-4996-B9A9-9E577E80FDBF}.Debug|Any CPU.ActiveCfg = Debug|Any CPU
		{937D58BA-E306-4996-B9A9-9E577E80FDBF}.Debug|Any CPU.Build.0 = Debug|Any CPU
		{937D58BA-E306-4996-B9A9-9E577E80FDBF}.Release BGE|Any CPU.ActiveCfg = Release|Any CPU
		{937D58BA-E306-4996-B9A9-9E577E80FDBF}.Release BGE|Any CPU.Build.0 = Release|Any CPU
		{937D58BA-E306-4996-B9A9-9E577E80FDBF}.Release COMED|Any CPU.ActiveCfg = Release|Any CPU
		{937D58BA-E306-4996-B9A9-9E577E80FDBF}.Release COMED|Any CPU.Build.0 = Release|Any CPU
		{937D58BA-E306-4996-B9A9-9E577E80FDBF}.Release ConED|Any CPU.ActiveCfg = Release|Any CPU
		{937D58BA-E306-4996-B9A9-9E577E80FDBF}.Release ConED|Any CPU.Build.0 = Release|Any CPU
		{937D58BA-E306-4996-B9A9-9E577E80FDBF}.Release Dominion|Any CPU.ActiveCfg = Release|Any CPU
		{937D58BA-E306-4996-B9A9-9E577E80FDBF}.Release Dominion|Any CPU.Build.0 = Release|Any CPU
		{937D58BA-E306-4996-B9A9-9E577E80FDBF}.Release Engineering|Any CPU.ActiveCfg = Release|Any CPU
		{937D58BA-E306-4996-B9A9-9E577E80FDBF}.Release Engineering|Any CPU.Build.0 = Release|Any CPU
		{937D58BA-E306-4996-B9A9-9E577E80FDBF}.Release ENMAX|Any CPU.ActiveCfg = Release|Any CPU
		{937D58BA-E306-4996-B9A9-9E577E80FDBF}.Release ENMAX|Any CPU.Build.0 = Release|Any CPU
		{937D58BA-E306-4996-B9A9-9E577E80FDBF}.Release Eversource|Any CPU.ActiveCfg = Release|Any CPU
		{937D58BA-E306-4996-B9A9-9E577E80FDBF}.Release Eversource|Any CPU.Build.0 = Release|Any CPU
		{937D58BA-E306-4996-B9A9-9E577E80FDBF}.Release LondoHydro|Any CPU.ActiveCfg = Release|Any CPU
		{937D58BA-E306-4996-B9A9-9E577E80FDBF}.Release LondoHydro|Any CPU.Build.0 = Release|Any CPU
		{937D58BA-E306-4996-B9A9-9E577E80FDBF}.Release Oncor|Any CPU.ActiveCfg = Release|Any CPU
		{937D58BA-E306-4996-B9A9-9E577E80FDBF}.Release Oncor|Any CPU.Build.0 = Release|Any CPU
		{937D58BA-E306-4996-B9A9-9E577E80FDBF}.Release PSEG|Any CPU.ActiveCfg = Release|Any CPU
		{937D58BA-E306-4996-B9A9-9E577E80FDBF}.Release PSEG|Any CPU.Build.0 = Release|Any CPU
		{937D58BA-E306-4996-B9A9-9E577E80FDBF}.Release SCE|Any CPU.ActiveCfg = Release|Any CPU
		{937D58BA-E306-4996-B9A9-9E577E80FDBF}.Release SCE|Any CPU.Build.0 = Release|Any CPU
		{937D58BA-E306-4996-B9A9-9E577E80FDBF}.Release SCL|Any CPU.ActiveCfg = Release|Any CPU
		{937D58BA-E306-4996-B9A9-9E577E80FDBF}.Release SCL|Any CPU.Build.0 = Release|Any CPU
		{937D58BA-E306-4996-B9A9-9E577E80FDBF}.Release TAUNTON|Any CPU.ActiveCfg = Release|Any CPU
		{937D58BA-E306-4996-B9A9-9E577E80FDBF}.Release TAUNTON|Any CPU.Build.0 = Release|Any CPU
		{937D58BA-E306-4996-B9A9-9E577E80FDBF}.Release TorontoHydro|Any CPU.ActiveCfg = Release|Any CPU
		{937D58BA-E306-4996-B9A9-9E577E80FDBF}.Release TorontoHydro|Any CPU.Build.0 = Release|Any CPU
		{937D58BA-E306-4996-B9A9-9E577E80FDBF}.Release|Any CPU.ActiveCfg = Release|Any CPU
		{937D58BA-E306-4996-B9A9-9E577E80FDBF}.Release|Any CPU.Build.0 = Release|Any CPU
		{804EAE0F-F93E-46C2-AC10-BD2BFDCADD92}.Debug|Any CPU.ActiveCfg = Debug|Any CPU
		{804EAE0F-F93E-46C2-AC10-BD2BFDCADD92}.Debug|Any CPU.Build.0 = Debug|Any CPU
		{804EAE0F-F93E-46C2-AC10-BD2BFDCADD92}.Release BGE|Any CPU.ActiveCfg = Release|Any CPU
		{804EAE0F-F93E-46C2-AC10-BD2BFDCADD92}.Release BGE|Any CPU.Build.0 = Release|Any CPU
		{804EAE0F-F93E-46C2-AC10-BD2BFDCADD92}.Release COMED|Any CPU.ActiveCfg = Release|Any CPU
		{804EAE0F-F93E-46C2-AC10-BD2BFDCADD92}.Release COMED|Any CPU.Build.0 = Release|Any CPU
		{804EAE0F-F93E-46C2-AC10-BD2BFDCADD92}.Release ConED|Any CPU.ActiveCfg = Release|Any CPU
		{804EAE0F-F93E-46C2-AC10-BD2BFDCADD92}.Release ConED|Any CPU.Build.0 = Release|Any CPU
		{804EAE0F-F93E-46C2-AC10-BD2BFDCADD92}.Release Dominion|Any CPU.ActiveCfg = Release|Any CPU
		{804EAE0F-F93E-46C2-AC10-BD2BFDCADD92}.Release Dominion|Any CPU.Build.0 = Release|Any CPU
		{804EAE0F-F93E-46C2-AC10-BD2BFDCADD92}.Release Engineering|Any CPU.ActiveCfg = Release|Any CPU
		{804EAE0F-F93E-46C2-AC10-BD2BFDCADD92}.Release Engineering|Any CPU.Build.0 = Release|Any CPU
		{804EAE0F-F93E-46C2-AC10-BD2BFDCADD92}.Release ENMAX|Any CPU.ActiveCfg = Release|Any CPU
		{804EAE0F-F93E-46C2-AC10-BD2BFDCADD92}.Release ENMAX|Any CPU.Build.0 = Release|Any CPU
		{804EAE0F-F93E-46C2-AC10-BD2BFDCADD92}.Release Eversource|Any CPU.ActiveCfg = Release|Any CPU
		{804EAE0F-F93E-46C2-AC10-BD2BFDCADD92}.Release Eversource|Any CPU.Build.0 = Release|Any CPU
		{804EAE0F-F93E-46C2-AC10-BD2BFDCADD92}.Release LondoHydro|Any CPU.ActiveCfg = Release|Any CPU
		{804EAE0F-F93E-46C2-AC10-BD2BFDCADD92}.Release LondoHydro|Any CPU.Build.0 = Release|Any CPU
		{804EAE0F-F93E-46C2-AC10-BD2BFDCADD92}.Release Oncor|Any CPU.ActiveCfg = Release|Any CPU
		{804EAE0F-F93E-46C2-AC10-BD2BFDCADD92}.Release Oncor|Any CPU.Build.0 = Release|Any CPU
		{804EAE0F-F93E-46C2-AC10-BD2BFDCADD92}.Release PSEG|Any CPU.ActiveCfg = Release|Any CPU
		{804EAE0F-F93E-46C2-AC10-BD2BFDCADD92}.Release PSEG|Any CPU.Build.0 = Release|Any CPU
		{804EAE0F-F93E-46C2-AC10-BD2BFDCADD92}.Release SCE|Any CPU.ActiveCfg = Release|Any CPU
		{804EAE0F-F93E-46C2-AC10-BD2BFDCADD92}.Release SCE|Any CPU.Build.0 = Release|Any CPU
		{804EAE0F-F93E-46C2-AC10-BD2BFDCADD92}.Release SCL|Any CPU.ActiveCfg = Release|Any CPU
		{804EAE0F-F93E-46C2-AC10-BD2BFDCADD92}.Release SCL|Any CPU.Build.0 = Release|Any CPU
		{804EAE0F-F93E-46C2-AC10-BD2BFDCADD92}.Release TAUNTON|Any CPU.ActiveCfg = Release|Any CPU
		{804EAE0F-F93E-46C2-AC10-BD2BFDCADD92}.Release TAUNTON|Any CPU.Build.0 = Release|Any CPU
		{804EAE0F-F93E-46C2-AC10-BD2BFDCADD92}.Release TorontoHydro|Any CPU.ActiveCfg = Release|Any CPU
		{804EAE0F-F93E-46C2-AC10-BD2BFDCADD92}.Release TorontoHydro|Any CPU.Build.0 = Release|Any CPU
		{804EAE0F-F93E-46C2-AC10-BD2BFDCADD92}.Release|Any CPU.ActiveCfg = Release|Any CPU
		{804EAE0F-F93E-46C2-AC10-BD2BFDCADD92}.Release|Any CPU.Build.0 = Release|Any CPU
	EndGlobalSection
	GlobalSection(SolutionProperties) = preSolution
		HideSolutionNode = FALSE
	EndGlobalSection
	GlobalSection(ExtensibilityGlobals) = postSolution
		SolutionGuid = {9C85DEA8-A089-4152-A65D-F09B3BD1AF80}
	EndGlobalSection
EndGlobal
